
Microsoft Visual Studio Solution File, Format Version 12.00
# Visual Studio 15
VisualStudioVersion = 15.0.28010.2046
MinimumVisualStudioVersion = 10.0.40219.1
Project("{2150E333-8FDC-42A3-9474-1A3956D46DE8}") = "CalculatorApp", "CalculatorApp", "{8407A0B1-DC46-4068-8BAA-A03539944A52}"
EndProject
Project("{2150E333-8FDC-42A3-9474-1A3956D46DE8}") = "Tests", "Tests", "{CBF8E43E-94A2-44F2-8537-732A5EF85D8F}"
EndProject
Project("{2150E333-8FDC-42A3-9474-1A3956D46DE8}") = "Calculator", "Calculator", "{64A58567-382D-46FB-B70A-28C2E333BF37}"
EndProject
Project("{2150E333-8FDC-42A3-9474-1A3956D46DE8}") = "Domain", "Domain", "{C822CBA0-CE62-4250-ADB5-D893EE3E7696}"
EndProject
Project("{2150E333-8FDC-42A3-9474-1A3956D46DE8}") = "Infrastructure", "Infrastructure", "{0512D5FD-967F-482A-94C8-F715D012A786}"
EndProject
Project("{2150E333-8FDC-42A3-9474-1A3956D46DE8}") = "Application", "Application", "{D439B48E-3B54-46DF-BB7E-7B925C2FA7F8}"
EndProject
Project("{2150E333-8FDC-42A3-9474-1A3956D46DE8}") = "Common", "Common", "{2C6CED8F-6B8F-4E47-9058-51AC52BF164D}"
EndProject
Project("{2150E333-8FDC-42A3-9474-1A3956D46DE8}") = "Solution Items", "Solution Items", "{633624E4-63FB-45F9-AD19-C38DA956E0E7}"
	ProjectSection(SolutionItems) = preProject
		.gitignore = .gitignore
	EndProjectSection
EndProject
Project("{2150E333-8FDC-42A3-9474-1A3956D46DE8}") = "TaxiFare", "TaxiFare", "{DF1F163A-C301-4BD7-A92C-3AC5597351FB}"
EndProject
Project("{2150E333-8FDC-42A3-9474-1A3956D46DE8}") = "TaxiFare", "TaxiFare", "{4A6271FB-B351-4CB9-BEF3-54B1C374530A}"
EndProject
Project("{9A19103F-16F7-4668-BE54-9A1E7A4F7556}") = "CalculatorWeb", "CalculatorApp\Application\CalculatorWeb\CalculatorWeb.csproj", "{B81CF74B-15F7-4EFD-A287-B6E1AA1886FA}"
EndProject
Project("{9A19103F-16F7-4668-BE54-9A1E7A4F7556}") = "Calculate.Common.Const", "CalculatorApp\Common\Calculate.Common.Const\Calculate.Common.Const.csproj", "{5C5B30F7-B6C3-4494-99DA-EAB74F770F9E}"
EndProject
Project("{9A19103F-16F7-4668-BE54-9A1E7A4F7556}") = "Calculator.Composition.Operation.Domain.Service", "CalculatorApp\Domain\Calculator.Composition.Operation.Domain.Service\Calculator.Composition.Operation.Domain.Service.csproj", "{309FB1D8-5F24-496A-9F58-04644B81DB84}"
EndProject
Project("{9A19103F-16F7-4668-BE54-9A1E7A4F7556}") = "Calculator.Operation.Domain.Service", "CalculatorApp\Domain\Calculator.Operation.Domain.Service\Calculator.Operation.Domain.Service.csproj", "{0628D7FE-A225-4DD7-91B2-4EF08B9C49F0}"
EndProject
Project("{9A19103F-16F7-4668-BE54-9A1E7A4F7556}") = "Calculator", "CalculatorApp\Calculator\Calculator.csproj", "{EBCFB904-3DDA-4AFD-ADE2-36A962A63778}"
EndProject
Project("{9A19103F-16F7-4668-BE54-9A1E7A4F7556}") = "Calculator.Composition.Application.Service", "CalculatorApp\Domain\CalculatorCompositionApplicationCore\Calculator.Composition.Application.Service.csproj", "{A49DC82E-94D3-4237-9373-4809CCB943CD}"
EndProject
Project("{9A19103F-16F7-4668-BE54-9A1E7A4F7556}") = "CalculatorInfrastructure", "CalculatorApp\Infrustructure\CalculatorInfrastructure\CalculatorInfrastructure.csproj", "{F0B11E7C-BD85-4A71-ACB9-ED46D6440977}"
EndProject
Project("{9A19103F-16F7-4668-BE54-9A1E7A4F7556}") = "Calculator.Application.Service", "CalculatorApp\Domain\CalculatorApplicationCore\Calculator.Application.Service.csproj", "{63E78082-2AF0-4573-9293-EE792DC04A41}"
EndProject
Project("{9A19103F-16F7-4668-BE54-9A1E7A4F7556}") = "Calculator.ResultBuilder.Domain.Service", "CalculatorApp\Domain\Calculator.ResultBuilder.Domain.Service\Calculator.ResultBuilder.Domain.Service.csproj", "{2F2A279A-1386-4C4B-A6A5-FC4F927313CB}"
EndProject
Project("{9A19103F-16F7-4668-BE54-9A1E7A4F7556}") = "TestHelper", "Tests\TestHelper\TestHelper.csproj", "{EEF948D8-9D2D-47E6-A35E-83E3192E9FD7}"
EndProject
Project("{9A19103F-16F7-4668-BE54-9A1E7A4F7556}") = "Calculator.Application.Service.Tests", "Tests\Calculator\Calculator.Application.Service\Calculator.Application.Service.Tests.csproj", "{868823B7-E044-4354-A584-9E121A760418}"
EndProject
Project("{FAE04EC0-301F-11D3-BF4B-00C04F79EFBC}") = "TaxiFair.Infrastructure", "TaxiFair\TaxiFair.Infrastructure\TaxiFair.Infrastructure.csproj", "{FC55676A-2C4A-4A70-9A35-19FFA66076A6}"
EndProject
Project("{9A19103F-16F7-4668-BE54-9A1E7A4F7556}") = "TaxiFareIntegrationTests", "Tests\TaxiFare\TaxiFareIntegrationTests\TaxiFareIntegrationTests.csproj", "{B8E18082-70B2-421B-88B9-13D3B3DBD2BD}"
EndProject
Project("{9A19103F-16F7-4668-BE54-9A1E7A4F7556}") = "TaxiFareTests", "Tests\TaxiFare\TaxiFareTests\TaxiFareTests.csproj", "{C6B6E1DB-26A1-41CF-A94E-8726D816D433}"
EndProject
Project("{FAE04EC0-301F-11D3-BF4B-00C04F79EFBC}") = "TaxiFair.Application", "TaxiFair\TaxiFair.Application\TaxiFair.Application.csproj", "{17383DDF-5648-441A-AE92-567E91010F02}"
EndProject
Project("{FAE04EC0-301F-11D3-BF4B-00C04F79EFBC}") = "TaxiFair.Domain", "TaxiFair\TaxiFair.Domain\TaxiFair.Domain.csproj", "{AB2D0EAD-8926-4012-B39D-BB6FEFD444CE}"
EndProject
Project("{FAE04EC0-301F-11D3-BF4B-00C04F79EFBC}") = "TaxiFairDummy", "TaxiFairDummy\TaxiFairDummy.csproj", "{E79D44AA-ABD5-4474-AE3C-63A9571B6E7D}"
EndProject
Global
	GlobalSection(SolutionConfigurationPlatforms) = preSolution
		Debug|Any CPU = Debug|Any CPU
		Release|Any CPU = Release|Any CPU
	EndGlobalSection
	GlobalSection(ProjectConfigurationPlatforms) = postSolution
		{B81CF74B-15F7-4EFD-A287-B6E1AA1886FA}.Debug|Any CPU.ActiveCfg = Debug|Any CPU
		{B81CF74B-15F7-4EFD-A287-B6E1AA1886FA}.Debug|Any CPU.Build.0 = Debug|Any CPU
		{B81CF74B-15F7-4EFD-A287-B6E1AA1886FA}.Release|Any CPU.ActiveCfg = Release|Any CPU
		{B81CF74B-15F7-4EFD-A287-B6E1AA1886FA}.Release|Any CPU.Build.0 = Release|Any CPU
		{5C5B30F7-B6C3-4494-99DA-EAB74F770F9E}.Debug|Any CPU.ActiveCfg = Debug|Any CPU
		{5C5B30F7-B6C3-4494-99DA-EAB74F770F9E}.Debug|Any CPU.Build.0 = Debug|Any CPU
		{5C5B30F7-B6C3-4494-99DA-EAB74F770F9E}.Release|Any CPU.ActiveCfg = Release|Any CPU
		{5C5B30F7-B6C3-4494-99DA-EAB74F770F9E}.Release|Any CPU.Build.0 = Release|Any CPU
		{309FB1D8-5F24-496A-9F58-04644B81DB84}.Debug|Any CPU.ActiveCfg = Debug|Any CPU
		{309FB1D8-5F24-496A-9F58-04644B81DB84}.Debug|Any CPU.Build.0 = Debug|Any CPU
		{309FB1D8-5F24-496A-9F58-04644B81DB84}.Release|Any CPU.ActiveCfg = Release|Any CPU
		{309FB1D8-5F24-496A-9F58-04644B81DB84}.Release|Any CPU.Build.0 = Release|Any CPU
		{0628D7FE-A225-4DD7-91B2-4EF08B9C49F0}.Debug|Any CPU.ActiveCfg = Debug|Any CPU
		{0628D7FE-A225-4DD7-91B2-4EF08B9C49F0}.Debug|Any CPU.Build.0 = Debug|Any CPU
		{0628D7FE-A225-4DD7-91B2-4EF08B9C49F0}.Release|Any CPU.ActiveCfg = Release|Any CPU
		{0628D7FE-A225-4DD7-91B2-4EF08B9C49F0}.Release|Any CPU.Build.0 = Release|Any CPU
		{EBCFB904-3DDA-4AFD-ADE2-36A962A63778}.Debug|Any CPU.ActiveCfg = Debug|Any CPU
		{EBCFB904-3DDA-4AFD-ADE2-36A962A63778}.Debug|Any CPU.Build.0 = Debug|Any CPU
		{EBCFB904-3DDA-4AFD-ADE2-36A962A63778}.Release|Any CPU.ActiveCfg = Release|Any CPU
		{EBCFB904-3DDA-4AFD-ADE2-36A962A63778}.Release|Any CPU.Build.0 = Release|Any CPU
		{A49DC82E-94D3-4237-9373-4809CCB943CD}.Debug|Any CPU.ActiveCfg = Debug|Any CPU
		{A49DC82E-94D3-4237-9373-4809CCB943CD}.Debug|Any CPU.Build.0 = Debug|Any CPU
		{A49DC82E-94D3-4237-9373-4809CCB943CD}.Release|Any CPU.ActiveCfg = Release|Any CPU
		{A49DC82E-94D3-4237-9373-4809CCB943CD}.Release|Any CPU.Build.0 = Release|Any CPU
		{F0B11E7C-BD85-4A71-ACB9-ED46D6440977}.Debug|Any CPU.ActiveCfg = Debug|Any CPU
		{F0B11E7C-BD85-4A71-ACB9-ED46D6440977}.Debug|Any CPU.Build.0 = Debug|Any CPU
		{F0B11E7C-BD85-4A71-ACB9-ED46D6440977}.Release|Any CPU.ActiveCfg = Release|Any CPU
		{F0B11E7C-BD85-4A71-ACB9-ED46D6440977}.Release|Any CPU.Build.0 = Release|Any CPU
		{63E78082-2AF0-4573-9293-EE792DC04A41}.Debug|Any CPU.ActiveCfg = Debug|Any CPU
		{63E78082-2AF0-4573-9293-EE792DC04A41}.Debug|Any CPU.Build.0 = Debug|Any CPU
		{63E78082-2AF0-4573-9293-EE792DC04A41}.Release|Any CPU.ActiveCfg = Release|Any CPU
		{63E78082-2AF0-4573-9293-EE792DC04A41}.Release|Any CPU.Build.0 = Release|Any CPU
		{2F2A279A-1386-4C4B-A6A5-FC4F927313CB}.Debug|Any CPU.ActiveCfg = Debug|Any CPU
		{2F2A279A-1386-4C4B-A6A5-FC4F927313CB}.Debug|Any CPU.Build.0 = Debug|Any CPU
		{2F2A279A-1386-4C4B-A6A5-FC4F927313CB}.Release|Any CPU.ActiveCfg = Release|Any CPU
		{2F2A279A-1386-4C4B-A6A5-FC4F927313CB}.Release|Any CPU.Build.0 = Release|Any CPU
		{EEF948D8-9D2D-47E6-A35E-83E3192E9FD7}.Debug|Any CPU.ActiveCfg = Debug|Any CPU
		{EEF948D8-9D2D-47E6-A35E-83E3192E9FD7}.Debug|Any CPU.Build.0 = Debug|Any CPU
		{EEF948D8-9D2D-47E6-A35E-83E3192E9FD7}.Release|Any CPU.ActiveCfg = Release|Any CPU
		{EEF948D8-9D2D-47E6-A35E-83E3192E9FD7}.Release|Any CPU.Build.0 = Release|Any CPU
		{868823B7-E044-4354-A584-9E121A760418}.Debug|Any CPU.ActiveCfg = Debug|Any CPU
		{868823B7-E044-4354-A584-9E121A760418}.Debug|Any CPU.Build.0 = Debug|Any CPU
		{868823B7-E044-4354-A584-9E121A760418}.Release|Any CPU.ActiveCfg = Release|Any CPU
		{868823B7-E044-4354-A584-9E121A760418}.Release|Any CPU.Build.0 = Release|Any CPU
		{FC55676A-2C4A-4A70-9A35-19FFA66076A6}.Debug|Any CPU.ActiveCfg = Debug|Any CPU
		{FC55676A-2C4A-4A70-9A35-19FFA66076A6}.Debug|Any CPU.Build.0 = Debug|Any CPU
		{FC55676A-2C4A-4A70-9A35-19FFA66076A6}.Release|Any CPU.ActiveCfg = Release|Any CPU
		{FC55676A-2C4A-4A70-9A35-19FFA66076A6}.Release|Any CPU.Build.0 = Release|Any CPU
		{B8E18082-70B2-421B-88B9-13D3B3DBD2BD}.Debug|Any CPU.ActiveCfg = Debug|Any CPU
		{B8E18082-70B2-421B-88B9-13D3B3DBD2BD}.Debug|Any CPU.Build.0 = Debug|Any CPU
		{B8E18082-70B2-421B-88B9-13D3B3DBD2BD}.Release|Any CPU.ActiveCfg = Release|Any CPU
		{B8E18082-70B2-421B-88B9-13D3B3DBD2BD}.Release|Any CPU.Build.0 = Release|Any CPU
		{C6B6E1DB-26A1-41CF-A94E-8726D816D433}.Debug|Any CPU.ActiveCfg = Debug|Any CPU
		{C6B6E1DB-26A1-41CF-A94E-8726D816D433}.Debug|Any CPU.Build.0 = Debug|Any CPU
		{C6B6E1DB-26A1-41CF-A94E-8726D816D433}.Release|Any CPU.ActiveCfg = Release|Any CPU
		{C6B6E1DB-26A1-41CF-A94E-8726D816D433}.Release|Any CPU.Build.0 = Release|Any CPU
		{17383DDF-5648-441A-AE92-567E91010F02}.Debug|Any CPU.ActiveCfg = Debug|Any CPU
		{17383DDF-5648-441A-AE92-567E91010F02}.Debug|Any CPU.Build.0 = Debug|Any CPU
		{17383DDF-5648-441A-AE92-567E91010F02}.Release|Any CPU.ActiveCfg = Release|Any CPU
		{17383DDF-5648-441A-AE92-567E91010F02}.Release|Any CPU.Build.0 = Release|Any CPU
		{AB2D0EAD-8926-4012-B39D-BB6FEFD444CE}.Debug|Any CPU.ActiveCfg = Debug|Any CPU
		{AB2D0EAD-8926-4012-B39D-BB6FEFD444CE}.Debug|Any CPU.Build.0 = Debug|Any CPU
		{AB2D0EAD-8926-4012-B39D-BB6FEFD444CE}.Release|Any CPU.ActiveCfg = Release|Any CPU
		{AB2D0EAD-8926-4012-B39D-BB6FEFD444CE}.Release|Any CPU.Build.0 = Release|Any CPU
		{E79D44AA-ABD5-4474-AE3C-63A9571B6E7D}.Debug|Any CPU.ActiveCfg = Debug|Any CPU
		{E79D44AA-ABD5-4474-AE3C-63A9571B6E7D}.Debug|Any CPU.Build.0 = Debug|Any CPU
		{E79D44AA-ABD5-4474-AE3C-63A9571B6E7D}.Release|Any CPU.ActiveCfg = Release|Any CPU
		{E79D44AA-ABD5-4474-AE3C-63A9571B6E7D}.Release|Any CPU.Build.0 = Release|Any CPU
	EndGlobalSection
	GlobalSection(SolutionProperties) = preSolution
		HideSolutionNode = FALSE
	EndGlobalSection
	GlobalSection(NestedProjects) = preSolution
		{64A58567-382D-46FB-B70A-28C2E333BF37} = {CBF8E43E-94A2-44F2-8537-732A5EF85D8F}
		{C822CBA0-CE62-4250-ADB5-D893EE3E7696} = {8407A0B1-DC46-4068-8BAA-A03539944A52}
		{0512D5FD-967F-482A-94C8-F715D012A786} = {8407A0B1-DC46-4068-8BAA-A03539944A52}
		{D439B48E-3B54-46DF-BB7E-7B925C2FA7F8} = {8407A0B1-DC46-4068-8BAA-A03539944A52}
		{2C6CED8F-6B8F-4E47-9058-51AC52BF164D} = {8407A0B1-DC46-4068-8BAA-A03539944A52}
		{4A6271FB-B351-4CB9-BEF3-54B1C374530A} = {CBF8E43E-94A2-44F2-8537-732A5EF85D8F}
		{B81CF74B-15F7-4EFD-A287-B6E1AA1886FA} = {D439B48E-3B54-46DF-BB7E-7B925C2FA7F8}
		{5C5B30F7-B6C3-4494-99DA-EAB74F770F9E} = {2C6CED8F-6B8F-4E47-9058-51AC52BF164D}
		{309FB1D8-5F24-496A-9F58-04644B81DB84} = {C822CBA0-CE62-4250-ADB5-D893EE3E7696}
		{0628D7FE-A225-4DD7-91B2-4EF08B9C49F0} = {C822CBA0-CE62-4250-ADB5-D893EE3E7696}
		{EBCFB904-3DDA-4AFD-ADE2-36A962A63778} = {8407A0B1-DC46-4068-8BAA-A03539944A52}
		{A49DC82E-94D3-4237-9373-4809CCB943CD} = {C822CBA0-CE62-4250-ADB5-D893EE3E7696}
		{F0B11E7C-BD85-4A71-ACB9-ED46D6440977} = {0512D5FD-967F-482A-94C8-F715D012A786}
		{63E78082-2AF0-4573-9293-EE792DC04A41} = {C822CBA0-CE62-4250-ADB5-D893EE3E7696}
		{2F2A279A-1386-4C4B-A6A5-FC4F927313CB} = {C822CBA0-CE62-4250-ADB5-D893EE3E7696}
		{EEF948D8-9D2D-47E6-A35E-83E3192E9FD7} = {CBF8E43E-94A2-44F2-8537-732A5EF85D8F}
		{868823B7-E044-4354-A584-9E121A760418} = {64A58567-382D-46FB-B70A-28C2E333BF37}
		{FC55676A-2C4A-4A70-9A35-19FFA66076A6} = {DF1F163A-C301-4BD7-A92C-3AC5597351FB}
		{B8E18082-70B2-421B-88B9-13D3B3DBD2BD} = {4A6271FB-B351-4CB9-BEF3-54B1C374530A}
		{C6B6E1DB-26A1-41CF-A94E-8726D816D433} = {4A6271FB-B351-4CB9-BEF3-54B1C374530A}
		{17383DDF-5648-441A-AE92-567E91010F02} = {DF1F163A-C301-4BD7-A92C-3AC5597351FB}
		{AB2D0EAD-8926-4012-B39D-BB6FEFD444CE} = {DF1F163A-C301-4BD7-A92C-3AC5597351FB}
		{E79D44AA-ABD5-4474-AE3C-63A9571B6E7D} = {4A6271FB-B351-4CB9-BEF3-54B1C374530A}
	EndGlobalSection
	GlobalSection(ExtensibilityGlobals) = postSolution
		SolutionGuid = {93E0B9B2-E7D6-409F-B522-6417083E11A1}
	EndGlobalSection
EndGlobal
