
Microsoft Visual Studio Solution File, Format Version 12.00
# Visual Studio 15
VisualStudioVersion = 15.0.28010.2046
MinimumVisualStudioVersion = 10.0.40219.1
Project("{9A19103F-16F7-4668-BE54-9A1E7A4F7556}") = "CQRS", "CQRS\CQRS.csproj", "{8CA786F1-1E92-43EB-8A5F-4D53D2C5D830}"
EndProject
Project("{2150E333-8FDC-42A3-9474-1A3956D46DE8}") = "CalculatorApp", "CalculatorApp", "{8407A0B1-DC46-4068-8BAA-A03539944A52}"
EndProject
Project("{9A19103F-16F7-4668-BE54-9A1E7A4F7556}") = "CalculatorWeb", "CalculatorApp\CalculatorWeb\CalculatorWeb.csproj", "{DB63621E-6C7A-4CC6-A45E-030D3D5AC810}"
EndProject
Project("{9A19103F-16F7-4668-BE54-9A1E7A4F7556}") = "CalculatorApplicationCore", "CalculatorApp\CalculatorApplicationCore\CalculatorApplicationCore.csproj", "{D4ADE553-7FA8-4700-B418-CF5416D6AB4E}"
EndProject
Project("{9A19103F-16F7-4668-BE54-9A1E7A4F7556}") = "CalculatorInfrastructure", "CalculatorInfrastructure\CalculatorInfrastructure.csproj", "{61D4D3CB-D3E9-481F-A3C2-7EE478BB3D96}"
EndProject
Project("{FAE04EC0-301F-11D3-BF4B-00C04F79EFBC}") = "CalculatorCompositionApplicationCore", "CalculatorCompositionApplicationCore\CalculatorCompositionApplicationCore.csproj", "{531348A8-60EA-457B-8E81-14466926ADD9}"
EndProject
Project("{2150E333-8FDC-42A3-9474-1A3956D46DE8}") = "Tests", "Tests", "{CBF8E43E-94A2-44F2-8537-732A5EF85D8F}"
EndProject
Project("{2150E333-8FDC-42A3-9474-1A3956D46DE8}") = "Calculator", "Calculator", "{64A58567-382D-46FB-B70A-28C2E333BF37}"
EndProject
Project("{9A19103F-16F7-4668-BE54-9A1E7A4F7556}") = "Tests", "Tests\Tests.csproj", "{C315E4C1-A9DC-4EE3-B05F-B4C4021F0A27}"
EndProject
Project("{2150E333-8FDC-42A3-9474-1A3956D46DE8}") = "Domain", "Domain", "{C822CBA0-CE62-4250-ADB5-D893EE3E7696}"
EndProject
Project("{2150E333-8FDC-42A3-9474-1A3956D46DE8}") = "Infrastructure", "Infrastructure", "{0512D5FD-967F-482A-94C8-F715D012A786}"
EndProject
Project("{2150E333-8FDC-42A3-9474-1A3956D46DE8}") = "Application", "Application", "{D439B48E-3B54-46DF-BB7E-7B925C2FA7F8}"
EndProject
Global
	GlobalSection(SolutionConfigurationPlatforms) = preSolution
		Debug|Any CPU = Debug|Any CPU
		Release|Any CPU = Release|Any CPU
	EndGlobalSection
	GlobalSection(ProjectConfigurationPlatforms) = postSolution
		{8CA786F1-1E92-43EB-8A5F-4D53D2C5D830}.Debug|Any CPU.ActiveCfg = Debug|Any CPU
		{8CA786F1-1E92-43EB-8A5F-4D53D2C5D830}.Debug|Any CPU.Build.0 = Debug|Any CPU
		{8CA786F1-1E92-43EB-8A5F-4D53D2C5D830}.Release|Any CPU.ActiveCfg = Release|Any CPU
		{8CA786F1-1E92-43EB-8A5F-4D53D2C5D830}.Release|Any CPU.Build.0 = Release|Any CPU
		{DB63621E-6C7A-4CC6-A45E-030D3D5AC810}.Debug|Any CPU.ActiveCfg = Debug|Any CPU
		{DB63621E-6C7A-4CC6-A45E-030D3D5AC810}.Debug|Any CPU.Build.0 = Debug|Any CPU
		{DB63621E-6C7A-4CC6-A45E-030D3D5AC810}.Release|Any CPU.ActiveCfg = Release|Any CPU
		{DB63621E-6C7A-4CC6-A45E-030D3D5AC810}.Release|Any CPU.Build.0 = Release|Any CPU
		{D4ADE553-7FA8-4700-B418-CF5416D6AB4E}.Debug|Any CPU.ActiveCfg = Debug|Any CPU
		{D4ADE553-7FA8-4700-B418-CF5416D6AB4E}.Debug|Any CPU.Build.0 = Debug|Any CPU
		{D4ADE553-7FA8-4700-B418-CF5416D6AB4E}.Release|Any CPU.ActiveCfg = Release|Any CPU
		{D4ADE553-7FA8-4700-B418-CF5416D6AB4E}.Release|Any CPU.Build.0 = Release|Any CPU
		{61D4D3CB-D3E9-481F-A3C2-7EE478BB3D96}.Debug|Any CPU.ActiveCfg = Debug|Any CPU
		{61D4D3CB-D3E9-481F-A3C2-7EE478BB3D96}.Debug|Any CPU.Build.0 = Debug|Any CPU
		{61D4D3CB-D3E9-481F-A3C2-7EE478BB3D96}.Release|Any CPU.ActiveCfg = Release|Any CPU
		{61D4D3CB-D3E9-481F-A3C2-7EE478BB3D96}.Release|Any CPU.Build.0 = Release|Any CPU
		{531348A8-60EA-457B-8E81-14466926ADD9}.Debug|Any CPU.ActiveCfg = Debug|Any CPU
		{531348A8-60EA-457B-8E81-14466926ADD9}.Debug|Any CPU.Build.0 = Debug|Any CPU
		{531348A8-60EA-457B-8E81-14466926ADD9}.Release|Any CPU.ActiveCfg = Release|Any CPU
		{531348A8-60EA-457B-8E81-14466926ADD9}.Release|Any CPU.Build.0 = Release|Any CPU
		{C315E4C1-A9DC-4EE3-B05F-B4C4021F0A27}.Debug|Any CPU.ActiveCfg = Debug|Any CPU
		{C315E4C1-A9DC-4EE3-B05F-B4C4021F0A27}.Debug|Any CPU.Build.0 = Debug|Any CPU
		{C315E4C1-A9DC-4EE3-B05F-B4C4021F0A27}.Release|Any CPU.ActiveCfg = Release|Any CPU
		{C315E4C1-A9DC-4EE3-B05F-B4C4021F0A27}.Release|Any CPU.Build.0 = Release|Any CPU
	EndGlobalSection
	GlobalSection(SolutionProperties) = preSolution
		HideSolutionNode = FALSE
	EndGlobalSection
	GlobalSection(NestedProjects) = preSolution
		{DB63621E-6C7A-4CC6-A45E-030D3D5AC810} = {8407A0B1-DC46-4068-8BAA-A03539944A52}
		{D4ADE553-7FA8-4700-B418-CF5416D6AB4E} = {8407A0B1-DC46-4068-8BAA-A03539944A52}
		{61D4D3CB-D3E9-481F-A3C2-7EE478BB3D96} = {8407A0B1-DC46-4068-8BAA-A03539944A52}
		{531348A8-60EA-457B-8E81-14466926ADD9} = {8407A0B1-DC46-4068-8BAA-A03539944A52}
		{64A58567-382D-46FB-B70A-28C2E333BF37} = {CBF8E43E-94A2-44F2-8537-732A5EF85D8F}
		{C315E4C1-A9DC-4EE3-B05F-B4C4021F0A27} = {64A58567-382D-46FB-B70A-28C2E333BF37}
		{C822CBA0-CE62-4250-ADB5-D893EE3E7696} = {8407A0B1-DC46-4068-8BAA-A03539944A52}
		{0512D5FD-967F-482A-94C8-F715D012A786} = {8407A0B1-DC46-4068-8BAA-A03539944A52}
		{D439B48E-3B54-46DF-BB7E-7B925C2FA7F8} = {8407A0B1-DC46-4068-8BAA-A03539944A52}
	EndGlobalSection
	GlobalSection(ExtensibilityGlobals) = postSolution
		SolutionGuid = {93E0B9B2-E7D6-409F-B522-6417083E11A1}
	EndGlobalSection
EndGlobal
